
Microsoft Visual Studio Solution File, Format Version 12.00
# Visual Studio Version 17
VisualStudioVersion = 17.8.34525.116
MinimumVisualStudioVersion = 10.0.40219.1
Project("{FAE04EC0-301F-11D3-BF4B-00C04F79EFBC}") = "project", "project\project.csproj", "{FF49F241-86F8-4AE3-99B7-D393D61AD020}"
EndProject
Global
	GlobalSection(SolutionConfigurationPlatforms) = preSolution
		Debug|Any CPU = Debug|Any CPU
		Release|Any CPU = Release|Any CPU
	EndGlobalSection
	GlobalSection(ProjectConfigurationPlatforms) = postSolution
		{FF49F241-86F8-4AE3-99B7-D393D61AD020}.Debug|Any CPU.ActiveCfg = Debug|Any CPU
		{FF49F241-86F8-4AE3-99B7-D393D61AD020}.Debug|Any CPU.Build.0 = Debug|Any CPU
		{FF49F241-86F8-4AE3-99B7-D393D61AD020}.Release|Any CPU.ActiveCfg = Release|Any CPU
		{FF49F241-86F8-4AE3-99B7-D393D61AD020}.Release|Any CPU.Build.0 = Release|Any CPU
	EndGlobalSection
	GlobalSection(SolutionProperties) = preSolution
		HideSolutionNode = FALSE
	EndGlobalSection
	GlobalSection(ExtensibilityGlobals) = postSolution
		SolutionGuid = {2EDD505E-CBB8-47C7-8569-07D6B7002013}
	EndGlobalSection
EndGlobal
